# THIS IS AN AUTOGENERATED FILE. DO NOT EDIT THIS FILE DIRECTLY.
# yarn lockfile v1


"@babel/parser@^7.20.15", "@babel/parser@^7.21.3":
  version "7.23.0"
  resolved "https://registry.npmmirror.com/@babel/parser/-/parser-7.23.0.tgz"
  integrity sha512-vvPKKdMemU85V9WE/l5wZEmImpCtLqbnTvqDS2U1fJ96KrxoW7KrXhNsNCblQlg8Ck4b85yxdTyelsMUgFUXiw==

"@codemirror/autocomplete@^6.0.0", "@codemirror/autocomplete@^6.3.2", "@codemirror/autocomplete@^6.7.1":
  version "6.13.0"
  resolved "https://registry.npmjs.org/@codemirror/autocomplete/-/autocomplete-6.13.0.tgz"
  integrity sha512-SuDrho1klTINfbcMPnyro1ZxU9xJtwDMtb62R8TjL/tOl71IoOsvBo1a9x+hDvHhIzkTcJHy2VC+rmpGgYkRSw==
  dependencies:
    "@codemirror/language" "^6.0.0"
    "@codemirror/state" "^6.0.0"
    "@codemirror/view" "^6.17.0"
    "@lezer/common" "^1.0.0"

"@codemirror/commands@^6.0.0":
  version "6.3.3"
  resolved "https://registry.npmjs.org/@codemirror/commands/-/commands-6.3.3.tgz"
  integrity sha512-dO4hcF0fGT9tu1Pj1D2PvGvxjeGkbC6RGcZw6Qs74TH+Ed1gw98jmUgd2axWvIZEqTeTuFrg1lEB1KV6cK9h1A==
  dependencies:
    "@codemirror/language" "^6.0.0"
    "@codemirror/state" "^6.4.0"
    "@codemirror/view" "^6.0.0"
    "@lezer/common" "^1.1.0"

"@codemirror/lang-angular@^0.1.0":
  version "0.1.3"
  resolved "https://registry.npmjs.org/@codemirror/lang-angular/-/lang-angular-0.1.3.tgz"
  integrity sha512-xgeWGJQQl1LyStvndWtruUvb4SnBZDAu/gvFH/ZU+c0W25tQR8e5hq7WTwiIY2dNxnf+49mRiGI/9yxIwB6f5w==
  dependencies:
    "@codemirror/lang-html" "^6.0.0"
    "@codemirror/lang-javascript" "^6.1.2"
    "@codemirror/language" "^6.0.0"
    "@lezer/common" "^1.2.0"
    "@lezer/highlight" "^1.0.0"
    "@lezer/lr" "^1.3.3"

"@codemirror/lang-cpp@^6.0.0":
  version "6.0.2"
  resolved "https://registry.npmjs.org/@codemirror/lang-cpp/-/lang-cpp-6.0.2.tgz"
  integrity sha512-6oYEYUKHvrnacXxWxYa6t4puTlbN3dgV662BDfSH8+MfjQjVmP697/KYTDOqpxgerkvoNm7q5wlFMBeX8ZMocg==
  dependencies:
    "@codemirror/language" "^6.0.0"
    "@lezer/cpp" "^1.0.0"

"@codemirror/lang-css@^6.0.0", "@codemirror/lang-css@^6.2.0":
  version "6.2.1"
  resolved "https://registry.npmjs.org/@codemirror/lang-css/-/lang-css-6.2.1.tgz"
  integrity sha512-/UNWDNV5Viwi/1lpr/dIXJNWiwDxpw13I4pTUAsNxZdg6E0mI2kTQb0P2iHczg1Tu+H4EBgJR+hYhKiHKko7qg==
  dependencies:
    "@codemirror/autocomplete" "^6.0.0"
    "@codemirror/language" "^6.0.0"
    "@codemirror/state" "^6.0.0"
    "@lezer/common" "^1.0.2"
    "@lezer/css" "^1.0.0"

"@codemirror/lang-html@^6.0.0":
  version "6.4.8"
  resolved "https://registry.npmjs.org/@codemirror/lang-html/-/lang-html-6.4.8.tgz"
  integrity sha512-tE2YK7wDlb9ZpAH6mpTPiYm6rhfdQKVDa5r9IwIFlwwgvVaKsCfuKKZoJGWsmMZIf3FQAuJ5CHMPLymOtg1hXw==
  dependencies:
    "@codemirror/autocomplete" "^6.0.0"
    "@codemirror/lang-css" "^6.0.0"
    "@codemirror/lang-javascript" "^6.0.0"
    "@codemirror/language" "^6.4.0"
    "@codemirror/state" "^6.0.0"
    "@codemirror/view" "^6.17.0"
    "@lezer/common" "^1.0.0"
    "@lezer/css" "^1.1.0"
    "@lezer/html" "^1.3.0"

"@codemirror/lang-java@^6.0.0":
  version "6.0.1"
  resolved "https://registry.npmjs.org/@codemirror/lang-java/-/lang-java-6.0.1.tgz"
  integrity sha512-OOnmhH67h97jHzCuFaIEspbmsT98fNdhVhmA3zCxW0cn7l8rChDhZtwiwJ/JOKXgfm4J+ELxQihxaI7bj7mJRg==
  dependencies:
    "@codemirror/language" "^6.0.0"
    "@lezer/java" "^1.0.0"

"@codemirror/lang-javascript@^6.0.0", "@codemirror/lang-javascript@^6.1.2":
  version "6.2.2"
  resolved "https://registry.npmjs.org/@codemirror/lang-javascript/-/lang-javascript-6.2.2.tgz"
  integrity sha512-VGQfY+FCc285AhWuwjYxQyUQcYurWlxdKYT4bqwr3Twnd5wP5WSeu52t4tvvuWmljT4EmgEgZCqSieokhtY8hg==
  dependencies:
    "@codemirror/autocomplete" "^6.0.0"
    "@codemirror/language" "^6.6.0"
    "@codemirror/lint" "^6.0.0"
    "@codemirror/state" "^6.0.0"
    "@codemirror/view" "^6.17.0"
    "@lezer/common" "^1.0.0"
    "@lezer/javascript" "^1.0.0"

"@codemirror/lang-json@^6.0.0":
  version "6.0.1"
  resolved "https://registry.npmjs.org/@codemirror/lang-json/-/lang-json-6.0.1.tgz"
  integrity sha512-+T1flHdgpqDDlJZ2Lkil/rLiRy684WMLc74xUnjJH48GQdfJo/pudlTRreZmKwzP8/tGdKf83wlbAdOCzlJOGQ==
  dependencies:
    "@codemirror/language" "^6.0.0"
    "@lezer/json" "^1.0.0"

"@codemirror/lang-less@^6.0.0":
  version "6.0.2"
  resolved "https://registry.npmjs.org/@codemirror/lang-less/-/lang-less-6.0.2.tgz"
  integrity sha512-EYdQTG22V+KUUk8Qq582g7FMnCZeEHsyuOJisHRft/mQ+ZSZ2w51NupvDUHiqtsOy7It5cHLPGfHQLpMh9bqpQ==
  dependencies:
    "@codemirror/lang-css" "^6.2.0"
    "@codemirror/language" "^6.0.0"
    "@lezer/common" "^1.2.0"
    "@lezer/highlight" "^1.0.0"
    "@lezer/lr" "^1.0.0"

"@codemirror/lang-liquid@^6.0.0":
  version "6.2.1"
  resolved "https://registry.npmjs.org/@codemirror/lang-liquid/-/lang-liquid-6.2.1.tgz"
  integrity sha512-J1Mratcm6JLNEiX+U2OlCDTysGuwbHD76XwuL5o5bo9soJtSbz2g6RU3vGHFyS5DC8rgVmFSzi7i6oBftm7tnA==
  dependencies:
    "@codemirror/autocomplete" "^6.0.0"
    "@codemirror/lang-html" "^6.0.0"
    "@codemirror/language" "^6.0.0"
    "@codemirror/state" "^6.0.0"
    "@codemirror/view" "^6.0.0"
    "@lezer/common" "^1.0.0"
    "@lezer/highlight" "^1.0.0"
    "@lezer/lr" "^1.3.1"

"@codemirror/lang-markdown@^6.0.0", "@codemirror/lang-markdown@^6.2.4":
  version "6.2.4"
  resolved "https://registry.npmjs.org/@codemirror/lang-markdown/-/lang-markdown-6.2.4.tgz"
  integrity sha512-UghkA1vSMs8bT7RSZM6vsIocigyah2bV00eRQuZy76401UmFZdsTsbQNBGdyxRQDOLeEvF5iFwap0BM8LKyd+g==
  dependencies:
    "@codemirror/autocomplete" "^6.7.1"
    "@codemirror/lang-html" "^6.0.0"
    "@codemirror/language" "^6.3.0"
    "@codemirror/state" "^6.0.0"
    "@codemirror/view" "^6.0.0"
    "@lezer/common" "^1.2.1"
    "@lezer/markdown" "^1.0.0"

"@codemirror/lang-php@^6.0.0":
  version "6.0.1"
  resolved "https://registry.npmjs.org/@codemirror/lang-php/-/lang-php-6.0.1.tgz"
  integrity sha512-ublojMdw/PNWa7qdN5TMsjmqkNuTBD3k6ndZ4Z0S25SBAiweFGyY68AS3xNcIOlb6DDFDvKlinLQ40vSLqf8xA==
  dependencies:
    "@codemirror/lang-html" "^6.0.0"
    "@codemirror/language" "^6.0.0"
    "@codemirror/state" "^6.0.0"
    "@lezer/common" "^1.0.0"
    "@lezer/php" "^1.0.0"

"@codemirror/lang-python@^6.0.0":
  version "6.1.4"
  resolved "https://registry.npmjs.org/@codemirror/lang-python/-/lang-python-6.1.4.tgz"
  integrity sha512-b6d1TDqrkCjFNvMO01SWldFiDoZ39yl3tDMC1Y5f8glA2eZpynPxJhwYVTlGFr0stizcJgrp6ojLEGH2myoZAw==
  dependencies:
    "@codemirror/autocomplete" "^6.3.2"
    "@codemirror/language" "^6.8.0"
    "@codemirror/state" "^6.0.0"
    "@lezer/common" "^1.2.1"
    "@lezer/python" "^1.1.4"

"@codemirror/lang-rust@^6.0.0":
  version "6.0.1"
  resolved "https://registry.npmjs.org/@codemirror/lang-rust/-/lang-rust-6.0.1.tgz"
  integrity sha512-344EMWFBzWArHWdZn/NcgkwMvZIWUR1GEBdwG8FEp++6o6vT6KL9V7vGs2ONsKxxFUPXKI0SPcWhyYyl2zPYxQ==
  dependencies:
    "@codemirror/language" "^6.0.0"
    "@lezer/rust" "^1.0.0"

"@codemirror/lang-sass@^6.0.0":
  version "6.0.2"
  resolved "https://registry.npmjs.org/@codemirror/lang-sass/-/lang-sass-6.0.2.tgz"
  integrity sha512-l/bdzIABvnTo1nzdY6U+kPAC51czYQcOErfzQ9zSm9D8GmNPD0WTW8st/CJwBTPLO8jlrbyvlSEcN20dc4iL0Q==
  dependencies:
    "@codemirror/lang-css" "^6.2.0"
    "@codemirror/language" "^6.0.0"
    "@codemirror/state" "^6.0.0"
    "@lezer/common" "^1.0.2"
    "@lezer/sass" "^1.0.0"

"@codemirror/lang-sql@^6.0.0":
  version "6.6.1"
  resolved "https://registry.npmjs.org/@codemirror/lang-sql/-/lang-sql-6.6.1.tgz"
  integrity sha512-tRHMLymUbL1yY8dzdrGdHVg+nMlfacOU54tjN5+VF45Syw5L3APxsFFhgdWIs4yg7OTt929Z9Ffw5qyV++kbWQ==
  dependencies:
    "@codemirror/autocomplete" "^6.0.0"
    "@codemirror/language" "^6.0.0"
    "@codemirror/state" "^6.0.0"
    "@lezer/common" "^1.2.0"
    "@lezer/highlight" "^1.0.0"
    "@lezer/lr" "^1.0.0"

"@codemirror/lang-vue@^0.1.1":
  version "0.1.3"
  resolved "https://registry.npmjs.org/@codemirror/lang-vue/-/lang-vue-0.1.3.tgz"
  integrity sha512-QSKdtYTDRhEHCfo5zOShzxCmqKJvgGrZwDQSdbvCRJ5pRLWBS7pD/8e/tH44aVQT6FKm0t6RVNoSUWHOI5vNug==
  dependencies:
    "@codemirror/lang-html" "^6.0.0"
    "@codemirror/lang-javascript" "^6.1.2"
    "@codemirror/language" "^6.0.0"
    "@lezer/common" "^1.2.0"
    "@lezer/highlight" "^1.0.0"
    "@lezer/lr" "^1.3.1"

"@codemirror/lang-wast@^6.0.0":
  version "6.0.2"
  resolved "https://registry.npmjs.org/@codemirror/lang-wast/-/lang-wast-6.0.2.tgz"
  integrity sha512-Imi2KTpVGm7TKuUkqyJ5NRmeFWF7aMpNiwHnLQe0x9kmrxElndyH0K6H/gXtWwY6UshMRAhpENsgfpSwsgmC6Q==
  dependencies:
    "@codemirror/language" "^6.0.0"
    "@lezer/common" "^1.2.0"
    "@lezer/highlight" "^1.0.0"
    "@lezer/lr" "^1.0.0"

"@codemirror/lang-xml@^6.0.0":
  version "6.1.0"
  resolved "https://registry.npmjs.org/@codemirror/lang-xml/-/lang-xml-6.1.0.tgz"
  integrity sha512-3z0blhicHLfwi2UgkZYRPioSgVTo9PV5GP5ducFH6FaHy0IAJRg+ixj5gTR1gnT/glAIC8xv4w2VL1LoZfs+Jg==
  dependencies:
    "@codemirror/autocomplete" "^6.0.0"
    "@codemirror/language" "^6.4.0"
    "@codemirror/state" "^6.0.0"
    "@codemirror/view" "^6.0.0"
    "@lezer/common" "^1.0.0"
    "@lezer/xml" "^1.0.0"

"@codemirror/lang-yaml@^6.0.0":
  version "6.0.0"
  resolved "https://registry.npmjs.org/@codemirror/lang-yaml/-/lang-yaml-6.0.0.tgz"
  integrity sha512-fVPapdX1oYr5HMC5bou1MHscGnNCvOHuhUW6C+V2gfIeIRcughvVfznV0OuUyHy0AdXoBCjOehjzFcmLRumu2Q==
  dependencies:
    "@codemirror/autocomplete" "^6.0.0"
    "@codemirror/language" "^6.0.0"
    "@codemirror/state" "^6.0.0"
    "@lezer/common" "^1.2.0"
    "@lezer/yaml" "^1.0.0"

"@codemirror/language-data@^6.4.1":
  version "6.4.1"
  resolved "https://registry.npmjs.org/@codemirror/language-data/-/language-data-6.4.1.tgz"
  integrity sha512-NYhC3NvEMwUxSWS1sB5AePUtr5g2ASSYOZ37YixicDG8PWHslDV9mmXIX0KvmtEm50V8FT4F5i4HAsk/7i78LA==
  dependencies:
    "@codemirror/lang-angular" "^0.1.0"
    "@codemirror/lang-cpp" "^6.0.0"
    "@codemirror/lang-css" "^6.0.0"
    "@codemirror/lang-html" "^6.0.0"
    "@codemirror/lang-java" "^6.0.0"
    "@codemirror/lang-javascript" "^6.0.0"
    "@codemirror/lang-json" "^6.0.0"
    "@codemirror/lang-less" "^6.0.0"
    "@codemirror/lang-liquid" "^6.0.0"
    "@codemirror/lang-markdown" "^6.0.0"
    "@codemirror/lang-php" "^6.0.0"
    "@codemirror/lang-python" "^6.0.0"
    "@codemirror/lang-rust" "^6.0.0"
    "@codemirror/lang-sass" "^6.0.0"
    "@codemirror/lang-sql" "^6.0.0"
    "@codemirror/lang-vue" "^0.1.1"
    "@codemirror/lang-wast" "^6.0.0"
    "@codemirror/lang-xml" "^6.0.0"
    "@codemirror/lang-yaml" "^6.0.0"
    "@codemirror/language" "^6.0.0"
    "@codemirror/legacy-modes" "^6.1.0"

"@codemirror/language@^6.0.0", "@codemirror/language@^6.3.0", "@codemirror/language@^6.4.0", "@codemirror/language@^6.6.0", "@codemirror/language@^6.8.0":
  version "6.10.1"
  resolved "https://registry.npmjs.org/@codemirror/language/-/language-6.10.1.tgz"
  integrity sha512-5GrXzrhq6k+gL5fjkAwt90nYDmjlzTIJV8THnxNFtNKWotMIlzzN+CpqxqwXOECnUdOndmSeWntVrVcv5axWRQ==
  dependencies:
    "@codemirror/state" "^6.0.0"
    "@codemirror/view" "^6.23.0"
    "@lezer/common" "^1.1.0"
    "@lezer/highlight" "^1.0.0"
    "@lezer/lr" "^1.0.0"
    style-mod "^4.0.0"

"@codemirror/legacy-modes@^6.1.0":
  version "6.3.3"
  resolved "https://registry.npmjs.org/@codemirror/legacy-modes/-/legacy-modes-6.3.3.tgz"
  integrity sha512-X0Z48odJ0KIoh/HY8Ltz75/4tDYc9msQf1E/2trlxFaFFhgjpVHjZ/BCXe1Lk7s4Gd67LL/CeEEHNI+xHOiESg==
  dependencies:
    "@codemirror/language" "^6.0.0"

"@codemirror/lint@^6.0.0":
  version "6.5.0"
  resolved "https://registry.npmjs.org/@codemirror/lint/-/lint-6.5.0.tgz"
  integrity sha512-+5YyicIaaAZKU8K43IQi8TBy6mF6giGeWAH7N96Z5LC30Wm5JMjqxOYIE9mxwMG1NbhT2mA3l9hA4uuKUM3E5g==
  dependencies:
    "@codemirror/state" "^6.0.0"
    "@codemirror/view" "^6.0.0"
    crelt "^1.0.5"

"@codemirror/search@^6.0.0":
  version "6.5.6"
  resolved "https://registry.npmjs.org/@codemirror/search/-/search-6.5.6.tgz"
  integrity sha512-rpMgcsh7o0GuCDUXKPvww+muLA1pDJaFrpq/CCHtpQJYz8xopu4D1hPcKRoDD0YlF8gZaqTNIRa4VRBWyhyy7Q==
  dependencies:
    "@codemirror/state" "^6.0.0"
    "@codemirror/view" "^6.0.0"
    crelt "^1.0.5"

"@codemirror/state@^6.0.0", "@codemirror/state@^6.4.0":
  version "6.4.1"
  resolved "https://registry.npmjs.org/@codemirror/state/-/state-6.4.1.tgz"
  integrity sha512-QkEyUiLhsJoZkbumGZlswmAhA7CBU02Wrz7zvH4SrcifbsqwlXShVXg65f3v/ts57W3dqyamEriMhij1Z3Zz4A==

"@codemirror/view@^6.0.0", "@codemirror/view@^6.17.0", "@codemirror/view@^6.23.0":
  version "6.25.1"
  resolved "https://registry.npmjs.org/@codemirror/view/-/view-6.25.1.tgz"
  integrity sha512-2LXLxsQnHDdfGzDvjzAwZh2ZviNJm7im6tGpa0IONIDnFd8RZ80D2SNi8PDi6YjKcMoMRK20v6OmKIdsrwsyoQ==
  dependencies:
    "@codemirror/state" "^6.4.0"
    style-mod "^4.1.0"
    w3c-keyname "^2.2.4"

"@ctrl/tinycolor@^3.4.1":
  version "3.6.1"
  resolved "https://registry.npmjs.org/@ctrl/tinycolor/-/tinycolor-3.6.1.tgz"
  integrity sha512-SITSV6aIXsuVNV3f3O0f2n/cgyEDWoSqtZMYiAmcsYHydcKrOz3gUxB/iXd/Qf08+IZX4KpgNbvUdMBmWz+kcA==

"@element-plus/icons-vue@^2.3.1":
  version "2.3.1"
  resolved "https://registry.npmjs.org/@element-plus/icons-vue/-/icons-vue-2.3.1.tgz"
  integrity sha512-XxVUZv48RZAd87ucGS48jPf6pKu0yV5UCg9f4FFwtrYxXOwWuVJo6wOvSLKEoMQKjv8GsX/mhP6UsC1lRwbUWg==

"@esbuild/win32-x64@0.18.20":
  version "0.18.20"
  resolved "https://registry.npmmirror.com/@esbuild/win32-x64/-/win32-x64-0.18.20.tgz"
  integrity sha512-kTdfRcSiDfQca/y9QIkng02avJ+NCaQvrMejlsB3RRv5sE9rRoeBPISaZpKxHELzRxZyLvNts1P27W3wV+8geQ==

"@floating-ui/core@^1.0.0":
  version "1.6.0"
  resolved "https://registry.npmjs.org/@floating-ui/core/-/core-1.6.0.tgz"
  integrity sha512-PcF++MykgmTj3CIyOQbKA/hDzOAiqI3mhuoN44WRCopIs1sgoDoU4oty4Jtqaj/y3oDU6fnVSm4QG0a3t5i0+g==
  dependencies:
    "@floating-ui/utils" "^0.2.1"

"@floating-ui/dom@^1.0.1":
  version "1.6.3"
  resolved "https://registry.npmjs.org/@floating-ui/dom/-/dom-1.6.3.tgz"
  integrity sha512-RnDthu3mzPlQ31Ss/BTwQ1zjzIhr3lk1gZB1OC56h/1vEtaXkESrOqL5fQVMfXpwGtRwX+YsZBdyHtJMQnkArw==
  dependencies:
    "@floating-ui/core" "^1.0.0"
    "@floating-ui/utils" "^0.2.0"

"@floating-ui/utils@^0.2.0", "@floating-ui/utils@^0.2.1":
  version "0.2.1"
  resolved "https://registry.npmjs.org/@floating-ui/utils/-/utils-0.2.1.tgz"
  integrity sha512-9TANp6GPoMtYzQdt54kfAyMmz1+osLlXdg2ENroU7zzrtflTLrrC/lgrIfaSe+Wu0b89GKccT7vxXA0MoAIO+Q==

"@jridgewell/sourcemap-codec@^1.4.15":
  version "1.4.15"
  resolved "https://registry.npmmirror.com/@jridgewell/sourcemap-codec/-/sourcemap-codec-1.4.15.tgz"
  integrity sha512-eF2rxCRulEKXHTRiDrDy6erMYWqNw4LPdQ8UQA4huuxaQsVeRPFl2oM8oDGxMFhJUWZf9McpLtJasDDZb/Bpeg==

"@lezer/common@^1.0.0", "@lezer/common@^1.0.2", "@lezer/common@^1.1.0", "@lezer/common@^1.2.0", "@lezer/common@^1.2.1":
  version "1.2.1"
  resolved "https://registry.npmjs.org/@lezer/common/-/common-1.2.1.tgz"
  integrity sha512-yemX0ZD2xS/73llMZIK6KplkjIjf2EvAHcinDi/TfJ9hS25G0388+ClHt6/3but0oOxinTcQHJLDXh6w1crzFQ==

"@lezer/cpp@^1.0.0":
  version "1.1.2"
  resolved "https://registry.npmjs.org/@lezer/cpp/-/cpp-1.1.2.tgz"
  integrity sha512-macwKtyeUO0EW86r3xWQCzOV9/CF8imJLpJlPv3sDY57cPGeUZ8gXWOWNlJr52TVByMV3PayFQCA5SHEERDmVQ==
  dependencies:
    "@lezer/common" "^1.2.0"
    "@lezer/highlight" "^1.0.0"
    "@lezer/lr" "^1.0.0"

"@lezer/css@^1.0.0", "@lezer/css@^1.1.0":
  version "1.1.8"
  resolved "https://registry.npmjs.org/@lezer/css/-/css-1.1.8.tgz"
  integrity sha512-7JhxupKuMBaWQKjQoLtzhGj83DdnZY9MckEOG5+/iLKNK2ZJqKc6hf6uc0HjwCX7Qlok44jBNqZhHKDhEhZYLA==
  dependencies:
    "@lezer/common" "^1.2.0"
    "@lezer/highlight" "^1.0.0"
    "@lezer/lr" "^1.0.0"

"@lezer/highlight@^1.0.0", "@lezer/highlight@^1.1.3":
  version "1.2.0"
  resolved "https://registry.npmjs.org/@lezer/highlight/-/highlight-1.2.0.tgz"
  integrity sha512-WrS5Mw51sGrpqjlh3d4/fOwpEV2Hd3YOkp9DBt4k8XZQcoTHZFB7sx030A6OcahF4J1nDQAa3jXlTVVYH50IFA==
  dependencies:
    "@lezer/common" "^1.0.0"

"@lezer/html@^1.3.0":
  version "1.3.9"
  resolved "https://registry.npmjs.org/@lezer/html/-/html-1.3.9.tgz"
  integrity sha512-MXxeCMPyrcemSLGaTQEZx0dBUH0i+RPl8RN5GwMAzo53nTsd/Unc/t5ZxACeQoyPUM5/GkPLRUs2WliOImzkRA==
  dependencies:
    "@lezer/common" "^1.2.0"
    "@lezer/highlight" "^1.0.0"
    "@lezer/lr" "^1.0.0"

"@lezer/java@^1.0.0":
  version "1.1.1"
  resolved "https://registry.npmjs.org/@lezer/java/-/java-1.1.1.tgz"
  integrity sha512-mt3dX13fRlpY7RlWELYRakanXgmwXsLRCrhstrn+c1sZd7jR2xle46/3heoxGd+oHxnuTnpoyXTyxcLJQs9+mQ==
  dependencies:
    "@lezer/common" "^1.2.0"
    "@lezer/highlight" "^1.0.0"
    "@lezer/lr" "^1.0.0"

"@lezer/javascript@^1.0.0":
  version "1.4.13"
  resolved "https://registry.npmjs.org/@lezer/javascript/-/javascript-1.4.13.tgz"
  integrity sha512-5IBr8LIO3xJdJH1e9aj/ZNLE4LSbdsx25wFmGRAZsj2zSmwAYjx26JyU/BYOCpRQlu1jcv1z3vy4NB9+UkfRow==
  dependencies:
    "@lezer/common" "^1.2.0"
    "@lezer/highlight" "^1.1.3"
    "@lezer/lr" "^1.3.0"

"@lezer/json@^1.0.0":
  version "1.0.2"
  resolved "https://registry.npmjs.org/@lezer/json/-/json-1.0.2.tgz"
  integrity sha512-xHT2P4S5eeCYECyKNPhr4cbEL9tc8w83SPwRC373o9uEdrvGKTZoJVAGxpOsZckMlEh9W23Pc72ew918RWQOBQ==
  dependencies:
    "@lezer/common" "^1.2.0"
    "@lezer/highlight" "^1.0.0"
    "@lezer/lr" "^1.0.0"

"@lezer/lr@^1.0.0", "@lezer/lr@^1.1.0", "@lezer/lr@^1.3.0", "@lezer/lr@^1.3.1", "@lezer/lr@^1.3.3", "@lezer/lr@^1.4.0":
  version "1.4.0"
  resolved "https://registry.npmjs.org/@lezer/lr/-/lr-1.4.0.tgz"
  integrity sha512-Wst46p51km8gH0ZUmeNrtpRYmdlRHUpN1DQd3GFAyKANi8WVz8c2jHYTf1CVScFaCjQw1iO3ZZdqGDxQPRErTg==
  dependencies:
    "@lezer/common" "^1.0.0"

"@lezer/markdown@^1.0.0":
  version "1.2.0"
  resolved "https://registry.npmjs.org/@lezer/markdown/-/markdown-1.2.0.tgz"
  integrity sha512-d7MwsfAukZJo1GpPrcPGa3MxaFFOqNp0gbqF+3F7pTeNDOgeJN1muXzx1XXDPt+Ac+/voCzsH7qXqnn+xReG/g==
  dependencies:
    "@lezer/common" "^1.0.0"
    "@lezer/highlight" "^1.0.0"

"@lezer/php@^1.0.0":
  version "1.0.2"
  resolved "https://registry.npmjs.org/@lezer/php/-/php-1.0.2.tgz"
  integrity sha512-GN7BnqtGRpFyeoKSEqxvGvhJQiI4zkgmYnDk/JIyc7H7Ifc1tkPnUn/R2R8meH3h/aBf5rzjvU8ZQoyiNDtDrA==
  dependencies:
    "@lezer/common" "^1.2.0"
    "@lezer/highlight" "^1.0.0"
    "@lezer/lr" "^1.1.0"

"@lezer/python@^1.1.4":
  version "1.1.11"
  resolved "https://registry.npmjs.org/@lezer/python/-/python-1.1.11.tgz"
  integrity sha512-C3QeLCcdAKJDUOsYjfFP6a1wdn8jhUNX200bgFm8TpKH1eM2PlgYQS5ugw6E38qGeEx7CP21I1Q52SoybXt0OQ==
  dependencies:
    "@lezer/common" "^1.2.0"
    "@lezer/highlight" "^1.0.0"
    "@lezer/lr" "^1.0.0"

"@lezer/rust@^1.0.0":
  version "1.0.2"
  resolved "https://registry.npmjs.org/@lezer/rust/-/rust-1.0.2.tgz"
  integrity sha512-Lz5sIPBdF2FUXcWeCu1//ojFAZqzTQNRga0aYv6dYXqJqPfMdCAI0NzajWUd4Xijj1IKJLtjoXRPMvTKWBcqKg==
  dependencies:
    "@lezer/common" "^1.2.0"
    "@lezer/highlight" "^1.0.0"
    "@lezer/lr" "^1.0.0"

"@lezer/sass@^1.0.0":
  version "1.0.4"
  resolved "https://registry.npmjs.org/@lezer/sass/-/sass-1.0.4.tgz"
  integrity sha512-AqW4myvp73sbMk6y0+gJrMjN5xtqFZzqTftzO3YcO8gSL5d3pymIP3deQllAI8+s1ZoSzH6kD4hsoFLpkD9Kfg==
  dependencies:
    "@lezer/common" "^1.2.0"
    "@lezer/highlight" "^1.0.0"
    "@lezer/lr" "^1.0.0"

"@lezer/xml@^1.0.0":
  version "1.0.5"
  resolved "https://registry.npmjs.org/@lezer/xml/-/xml-1.0.5.tgz"
  integrity sha512-VFouqOzmUWfIg+tfmpcdV33ewtK+NSwd4ngSe1aG7HFb4BN0ExyY1b8msp+ndFrnlG4V4iC8yXacjFtrwERnaw==
  dependencies:
    "@lezer/common" "^1.2.0"
    "@lezer/highlight" "^1.0.0"
    "@lezer/lr" "^1.0.0"

"@lezer/yaml@^1.0.0":
  version "1.0.2"
  resolved "https://registry.npmjs.org/@lezer/yaml/-/yaml-1.0.2.tgz"
  integrity sha512-XCkwuxe+eumJ28nA9e1S6XKsXz9W7V/AG+WBiWOtiIuUpKcZ/bHuvN8bLxSDREIcybSRpEd/jvphh4vgm6Ed2g==
  dependencies:
    "@lezer/common" "^1.2.0"
    "@lezer/highlight" "^1.0.0"
    "@lezer/lr" "^1.4.0"

"@popperjs/core@npm:@sxzz/popperjs-es@^2.11.7":
  version "2.11.7"
  resolved "https://registry.npmjs.org/@sxzz/popperjs-es/-/popperjs-es-2.11.7.tgz"
  integrity sha512-Ccy0NlLkzr0Ex2FKvh2X+OyERHXJ88XJ1MXtsI9y9fGexlaXaVTPzBCRBwIxFkORuOb+uBqeu+RqnpgYTEZRUQ==

"@types/linkify-it@*":
  version "3.0.5"
  resolved "https://registry.npmjs.org/@types/linkify-it/-/linkify-it-3.0.5.tgz"
  integrity sha512-yg6E+u0/+Zjva+buc3EIb+29XEg4wltq7cSmd4Uc2EE/1nUVmxyzpX6gUXD0V8jIrG0r7YeOGVIbYRkxeooCtw==

"@types/lodash-es@*", "@types/lodash-es@^4.17.6":
  version "4.17.12"
  resolved "https://registry.npmjs.org/@types/lodash-es/-/lodash-es-4.17.12.tgz"
  integrity sha512-0NgftHUcV4v34VhXm8QBSftKVXtbkBG3ViCjs6+eJ5a6y6Mi/jiFGPc1sC7QK+9BFhWrURE3EOggmWaSxL9OzQ==
  dependencies:
    "@types/lodash" "*"

"@types/lodash@*", "@types/lodash@^4.14.182":
  version "4.14.202"
  resolved "https://registry.npmjs.org/@types/lodash/-/lodash-4.14.202.tgz"
  integrity sha512-OvlIYQK9tNneDlS0VN54LLd5uiPCBOp7gS5Z0f1mjoJYBrtStzgmJBxONW3U6OZqdtNzZPmn9BS/7WI7BFFcFQ==

"@types/markdown-it@^13.0.7":
  version "13.0.7"
  resolved "https://registry.npmjs.org/@types/markdown-it/-/markdown-it-13.0.7.tgz"
  integrity sha512-U/CBi2YUUcTHBt5tjO2r5QV/x0Po6nsYwQU4Y04fBS6vfoImaiZ6f8bi3CjTCxBPQSO1LMyUqkByzi8AidyxfA==
  dependencies:
    "@types/linkify-it" "*"
    "@types/mdurl" "*"

"@types/mdurl@*":
  version "1.0.5"
  resolved "https://registry.npmjs.org/@types/mdurl/-/mdurl-1.0.5.tgz"
  integrity sha512-6L6VymKTzYSrEf4Nev4Xa1LCHKrlTlYCBMTlQKFuddo1CvQcE52I0mwfOJayueUC7MJuXOeHTcIU683lzd0cUA==

"@types/web-bluetooth@^0.0.16":
  version "0.0.16"
  resolved "https://registry.npmjs.org/@types/web-bluetooth/-/web-bluetooth-0.0.16.tgz"
  integrity sha512-oh8q2Zc32S6gd/j50GowEjKLoOVOwHP/bWVjKJInBwQqdOYMdPrf1oVlelTlyfFK3CKxL1uahMDAr+vy8T7yMQ==

"@vavt/util@^1.4.1":
  version "1.4.1"
  resolved "https://registry.npmjs.org/@vavt/util/-/util-1.4.1.tgz"
  integrity sha512-EhYyvt5w+GE6IO1JzDFZLmJOXQmWHnx3OBvA3YY/ZB1kWqHlhJTpL4x7TuANTzK7q1Y6G/okk4eFpLVWxvEBVA==

"@vitejs/plugin-vue@^4.3.4":
  version "4.3.4"
  resolved "https://registry.npmmirror.com/@vitejs/plugin-vue/-/plugin-vue-4.3.4.tgz"
  integrity sha512-ciXNIHKPriERBisHFBvnTbfKa6r9SAesOYXeGDzgegcvy9Q4xdScSHAmKbNT0M3O0S9LKhIf5/G+UYG4NnnzYw==

"@vue/compiler-core@3.3.4":
  version "3.3.4"
  resolved "https://registry.npmmirror.com/@vue/compiler-core/-/compiler-core-3.3.4.tgz"
  integrity sha512-cquyDNvZ6jTbf/+x+AgM2Arrp6G4Dzbb0R64jiG804HRMfRiFXWI6kqUVqZ6ZR0bQhIoQjB4+2bhNtVwndW15g==
  dependencies:
    "@babel/parser" "^7.21.3"
    "@vue/shared" "3.3.4"
    estree-walker "^2.0.2"
    source-map-js "^1.0.2"

"@vue/compiler-dom@3.3.4":
  version "3.3.4"
  resolved "https://registry.npmmirror.com/@vue/compiler-dom/-/compiler-dom-3.3.4.tgz"
  integrity sha512-wyM+OjOVpuUukIq6p5+nwHYtj9cFroz9cwkfmP9O1nzH68BenTTv0u7/ndggT8cIQlnBeOo6sUT/gvHcIkLA5w==
  dependencies:
    "@vue/compiler-core" "3.3.4"
    "@vue/shared" "3.3.4"

"@vue/compiler-sfc@3.3.4":
  version "3.3.4"
  resolved "https://registry.npmmirror.com/@vue/compiler-sfc/-/compiler-sfc-3.3.4.tgz"
  integrity sha512-6y/d8uw+5TkCuzBkgLS0v3lSM3hJDntFEiUORM11pQ/hKvkhSKZrXW6i69UyXlJQisJxuUEJKAWEqWbWsLeNKQ==
  dependencies:
    "@babel/parser" "^7.20.15"
    "@vue/compiler-core" "3.3.4"
    "@vue/compiler-dom" "3.3.4"
    "@vue/compiler-ssr" "3.3.4"
    "@vue/reactivity-transform" "3.3.4"
    "@vue/shared" "3.3.4"
    estree-walker "^2.0.2"
    magic-string "^0.30.0"
    postcss "^8.1.10"
    source-map-js "^1.0.2"

"@vue/compiler-ssr@3.3.4":
  version "3.3.4"
  resolved "https://registry.npmmirror.com/@vue/compiler-ssr/-/compiler-ssr-3.3.4.tgz"
  integrity sha512-m0v6oKpup2nMSehwA6Uuu+j+wEwcy7QmwMkVNVfrV9P2qE5KshC6RwOCq8fjGS/Eak/uNb8AaWekfiXxbBB6gQ==
  dependencies:
    "@vue/compiler-dom" "3.3.4"
    "@vue/shared" "3.3.4"

"@vue/devtools-api@^6.0.0-beta.11", "@vue/devtools-api@^6.5.0":
  version "6.5.0"
  resolved "https://registry.npmmirror.com/@vue/devtools-api/-/devtools-api-6.5.0.tgz"
  integrity sha512-o9KfBeaBmCKl10usN4crU53fYtC1r7jJwdGKjPT24t348rHxgfpZ0xL3Xm/gLUYnc0oTp8LAmrxOeLyu6tbk2Q==

"@vue/reactivity-transform@3.3.4":
  version "3.3.4"
  resolved "https://registry.npmmirror.com/@vue/reactivity-transform/-/reactivity-transform-3.3.4.tgz"
  integrity sha512-MXgwjako4nu5WFLAjpBnCj/ieqcjE2aJBINUNQzkZQfzIZA4xn+0fV1tIYBJvvva3N3OvKGofRLvQIwEQPpaXw==
  dependencies:
    "@babel/parser" "^7.20.15"
    "@vue/compiler-core" "3.3.4"
    "@vue/shared" "3.3.4"
    estree-walker "^2.0.2"
    magic-string "^0.30.0"

"@vue/reactivity@3.3.4":
  version "3.3.4"
  resolved "https://registry.npmmirror.com/@vue/reactivity/-/reactivity-3.3.4.tgz"
  integrity sha512-kLTDLwd0B1jG08NBF3R5rqULtv/f8x3rOFByTDz4J53ttIQEDmALqKqXY0J+XQeN0aV2FBxY8nJDf88yvOPAqQ==
  dependencies:
    "@vue/shared" "3.3.4"

"@vue/runtime-core@3.3.4":
  version "3.3.4"
  resolved "https://registry.npmmirror.com/@vue/runtime-core/-/runtime-core-3.3.4.tgz"
  integrity sha512-R+bqxMN6pWO7zGI4OMlmvePOdP2c93GsHFM/siJI7O2nxFRzj55pLwkpCedEY+bTMgp5miZ8CxfIZo3S+gFqvA==
  dependencies:
    "@vue/reactivity" "3.3.4"
    "@vue/shared" "3.3.4"

"@vue/runtime-dom@3.3.4":
  version "3.3.4"
  resolved "https://registry.npmmirror.com/@vue/runtime-dom/-/runtime-dom-3.3.4.tgz"
  integrity sha512-Aj5bTJ3u5sFsUckRghsNjVTtxZQ1OyMWCr5dZRAPijF/0Vy4xEoRCwLyHXcj4D0UFbJ4lbx3gPTgg06K/GnPnQ==
  dependencies:
    "@vue/runtime-core" "3.3.4"
    "@vue/shared" "3.3.4"
    csstype "^3.1.1"

"@vue/server-renderer@3.3.4":
  version "3.3.4"
  resolved "https://registry.npmmirror.com/@vue/server-renderer/-/server-renderer-3.3.4.tgz"
  integrity sha512-Q6jDDzR23ViIb67v+vM1Dqntu+HUexQcsWKhhQa4ARVzxOY2HbC7QRW/ggkDBd5BU+uM1sV6XOAP0b216o34JQ==
  dependencies:
    "@vue/compiler-ssr" "3.3.4"
    "@vue/shared" "3.3.4"

"@vue/shared@3.3.4":
  version "3.3.4"
  resolved "https://registry.npmmirror.com/@vue/shared/-/shared-3.3.4.tgz"
  integrity sha512-7OjdcV8vQ74eiz1TZLzZP4JwqM5fA94K6yntPS5Z25r9HDuGNzaGdgvwKYq6S+MxwF0TFRwe50fIR/MYnakdkQ==

"@vueuse/core@^9.1.0":
  version "9.13.0"
  resolved "https://registry.npmjs.org/@vueuse/core/-/core-9.13.0.tgz"
  integrity sha512-pujnclbeHWxxPRqXWmdkKV5OX4Wk4YeK7wusHqRwU0Q7EFusHoqNA/aPhB6KCh9hEqJkLAJo7bb0Lh9b+OIVzw==
  dependencies:
    "@types/web-bluetooth" "^0.0.16"
    "@vueuse/metadata" "9.13.0"
    "@vueuse/shared" "9.13.0"
    vue-demi "*"

"@vueuse/metadata@9.13.0":
  version "9.13.0"
  resolved "https://registry.npmjs.org/@vueuse/metadata/-/metadata-9.13.0.tgz"
  integrity sha512-gdU7TKNAUVlXXLbaF+ZCfte8BjRJQWPCa2J55+7/h+yDtzw3vOoGQDRXzI6pyKyo6bXFT5/QoPE4hAknExjRLQ==

"@vueuse/shared@9.13.0":
  version "9.13.0"
  resolved "https://registry.npmjs.org/@vueuse/shared/-/shared-9.13.0.tgz"
  integrity sha512-UrnhU+Cnufu4S6JLCPZnkWh0WwZGUp72ktOF2DFptMlOs3TOdVv8xJN53zhHGARmVOsz5KqOls09+J1NR6sBKw==
  dependencies:
    vue-demi "*"

argparse@^2.0.1:
  version "2.0.1"
  resolved "https://registry.npmjs.org/argparse/-/argparse-2.0.1.tgz"
  integrity sha512-8+9WqebbFzpX9OR+Wa6O29asIogeRMzcGtAINdpMHHyAg10f05aSFVBbcEqGf/PXw1EjAZ+q2/bEBg3DvurK3Q==

async-validator@^4.2.5:
  version "4.2.5"
  resolved "https://registry.npmjs.org/async-validator/-/async-validator-4.2.5.tgz"
  integrity sha512-7HhHjtERjqlNbZtqNqy2rckN/SpOOlmDliet+lP7k+eKZEjPk3DgyeU9lIXLdeLz0uBbbVp+9Qdow9wJWgwwfg==

asynckit@^0.4.0:
  version "0.4.0"
  resolved "https://registry.npmjs.org/asynckit/-/asynckit-0.4.0.tgz"
  integrity sha512-Oei9OH4tRh0YqU3GxhX79dM/mwVgvbZJaSNaRk+bshkj0S5cfHcgYakreBjrHwatXKbz+IoIdYLxrKim2MjW0Q==

axios@^1.5.1:
  version "1.6.7"
  resolved "https://registry.npmjs.org/axios/-/axios-1.6.7.tgz"
  integrity sha512-/hDJGff6/c7u0hDkvkGxR/oy6CbCs8ziCsC7SqmhjfozqiJGc8Z11wrv9z9lYfY4K8l+H9TpjcMDX0xOZmx+RA==
  dependencies:
    follow-redirects "^1.15.4"
    form-data "^4.0.0"
    proxy-from-env "^1.1.0"

codemirror@^6.0.1:
  version "6.0.1"
  resolved "https://registry.npmjs.org/codemirror/-/codemirror-6.0.1.tgz"
  integrity sha512-J8j+nZ+CdWmIeFIGXEFbFPtpiYacFMDR8GlHK3IyHQJMCaVRfGx9NT+Hxivv1ckLWPvNdZqndbr/7lVhrf/Svg==
  dependencies:
    "@codemirror/autocomplete" "^6.0.0"
    "@codemirror/commands" "^6.0.0"
    "@codemirror/language" "^6.0.0"
    "@codemirror/lint" "^6.0.0"
    "@codemirror/search" "^6.0.0"
    "@codemirror/state" "^6.0.0"
    "@codemirror/view" "^6.0.0"

combined-stream@^1.0.8:
  version "1.0.8"
  resolved "https://registry.npmjs.org/combined-stream/-/combined-stream-1.0.8.tgz"
  integrity sha512-FQN4MRfuJeHf7cBbBMJFXhKSDq+2kAArBlmRBvcvFE5BB1HZKXtSFASDhdlz9zOYwxh8lDdnvmMOe/+5cdoEdg==
  dependencies:
    delayed-stream "~1.0.0"

commander@^2.20.3:
  version "2.20.3"
  resolved "https://registry.npmjs.org/commander/-/commander-2.20.3.tgz"
  integrity sha512-GpVkmM8vF2vQUkj2LvZmD35JxeJOLCwJ9cUkugyk2nuhbv3+mJvpLYYt+0+USMxE+oj+ey/lJEnhZw75x/OMcQ==

copy-to-clipboard@^3.3.3:
  version "3.3.3"
  resolved "https://registry.npmjs.org/copy-to-clipboard/-/copy-to-clipboard-3.3.3.tgz"
  integrity sha512-2KV8NhB5JqC3ky0r9PMCAZKbUHSwtEo4CwCs0KXgruG43gX5PMqDEBbVU4OUzw2MuAWUfsuFmWvEKG5QRfSnJA==
  dependencies:
    toggle-selection "^1.0.6"

crelt@^1.0.5:
  version "1.0.6"
  resolved "https://registry.npmjs.org/crelt/-/crelt-1.0.6.tgz"
  integrity sha512-VQ2MBenTq1fWZUH9DJNGti7kKv6EeAuYr3cLwxUWhIu1baTaXh4Ib5W2CqHVqib4/MqbYGJqiL3Zb8GJZr3l4g==

cssfilter@0.0.10:
  version "0.0.10"
  resolved "https://registry.npmjs.org/cssfilter/-/cssfilter-0.0.10.tgz"
  integrity sha512-FAaLDaplstoRsDR8XGYH51znUN0UY7nMc6Z9/fvE8EXGwvJE9hu7W2vHwx1+bd6gCYnln9nLbzxFTrcO9YQDZw==

csstype@^3.1.1:
  version "3.1.2"
  resolved "https://registry.npmmirror.com/csstype/-/csstype-3.1.2.tgz"
  integrity sha512-I7K1Uu0MBPzaFKg4nI5Q7Vs2t+3gWWW648spaF+Rg7pI9ds18Ugn+lvg4SHczUdKlHI5LWBXyqfS8+DufyBsgQ==

dayjs@^1.11.3:
  version "1.11.10"
  resolved "https://registry.npmjs.org/dayjs/-/dayjs-1.11.10.tgz"
  integrity sha512-vjAczensTgRcqDERK0SR2XMwsF/tSvnvlv6VcF2GIhg6Sx4yOIt/irsr1RDJsKiIyBzJDpCoXiWWq28MqH2cnQ==

delayed-stream@~1.0.0:
  version "1.0.0"
  resolved "https://registry.npmjs.org/delayed-stream/-/delayed-stream-1.0.0.tgz"
  integrity sha512-ZySD7Nf91aLB0RxL4KGrKHBXl7Eds1DAmEdcoVawXnLD7SDhpNgtuII2aAkg7a7QS41jxPSZ17p4VdGnMHk3MQ==

element-plus@^2.3.14:
  version "2.6.0"
  resolved "https://registry.npmjs.org/element-plus/-/element-plus-2.6.0.tgz"
  integrity sha512-MP+N48P+diyndR+GjY+0VOrUmFnajD4U0CkrXIMzmeRmq4+dwi0bdzVo587v4wDo9Hs+ggviyacqm3NS8JYVqw==
  dependencies:
    "@ctrl/tinycolor" "^3.4.1"
    "@element-plus/icons-vue" "^2.3.1"
    "@floating-ui/dom" "^1.0.1"
    "@popperjs/core" "npm:@sxzz/popperjs-es@^2.11.7"
    "@types/lodash" "^4.14.182"
    "@types/lodash-es" "^4.17.6"
    "@vueuse/core" "^9.1.0"
    async-validator "^4.2.5"
    dayjs "^1.11.3"
    escape-html "^1.0.3"
    lodash "^4.17.21"
    lodash-es "^4.17.21"
    lodash-unified "^1.0.2"
    memoize-one "^6.0.0"
    normalize-wheel-es "^1.2.0"

entities@^4.4.0:
  version "4.5.0"
  resolved "https://registry.npmjs.org/entities/-/entities-4.5.0.tgz"
  integrity sha512-V0hjH4dGPh9Ao5p0MoRY6BVqtwCjhz6vI5LT8AJ55H+4g9/4vbHx1I54fS0XuclLhDHArPQCiMjDxjaL8fPxhw==

esbuild@^0.18.10:
  version "0.18.20"
  resolved "https://registry.npmmirror.com/esbuild/-/esbuild-0.18.20.tgz"
  integrity sha512-ceqxoedUrcayh7Y7ZX6NdbbDzGROiyVBgC4PriJThBKSVPWnnFHZAkfI1lJT8QFkOwH4qOS2SJkS4wvpGl8BpA==
  optionalDependencies:
    "@esbuild/android-arm" "0.18.20"
    "@esbuild/android-arm64" "0.18.20"
    "@esbuild/android-x64" "0.18.20"
    "@esbuild/darwin-arm64" "0.18.20"
    "@esbuild/darwin-x64" "0.18.20"
    "@esbuild/freebsd-arm64" "0.18.20"
    "@esbuild/freebsd-x64" "0.18.20"
    "@esbuild/linux-arm" "0.18.20"
    "@esbuild/linux-arm64" "0.18.20"
    "@esbuild/linux-ia32" "0.18.20"
    "@esbuild/linux-loong64" "0.18.20"
    "@esbuild/linux-mips64el" "0.18.20"
    "@esbuild/linux-ppc64" "0.18.20"
    "@esbuild/linux-riscv64" "0.18.20"
    "@esbuild/linux-s390x" "0.18.20"
    "@esbuild/linux-x64" "0.18.20"
    "@esbuild/netbsd-x64" "0.18.20"
    "@esbuild/openbsd-x64" "0.18.20"
    "@esbuild/sunos-x64" "0.18.20"
    "@esbuild/win32-arm64" "0.18.20"
    "@esbuild/win32-ia32" "0.18.20"
    "@esbuild/win32-x64" "0.18.20"

escape-html@^1.0.3:
  version "1.0.3"
  resolved "https://registry.npmjs.org/escape-html/-/escape-html-1.0.3.tgz"
  integrity sha512-NiSupZ4OeuGwr68lGIeym/ksIZMJodUGOSCZ/FSnTxcrekbvqrgdUxlJOMpijaKZVjAJrWrGs/6Jy8OMuyj9ow==

estree-walker@^2.0.2:
  version "2.0.2"
  resolved "https://registry.npmmirror.com/estree-walker/-/estree-walker-2.0.2.tgz"
  integrity sha512-Rfkk/Mp/DL7JVje3u18FxFujQlTNR2q6QfMSMB7AvCBx91NGj/ba3kCfza0f6dVDbw7YlRf/nDrn7pQrCCyQ/w==

follow-redirects@^1.15.4:
  version "1.15.5"
  resolved "https://registry.npmjs.org/follow-redirects/-/follow-redirects-1.15.5.tgz"
  integrity sha512-vSFWUON1B+yAw1VN4xMfxgn5fTUiaOzAJCKBwIIgT/+7CuGy9+r+5gITvP62j3RmaD5Ph65UaERdOSRGUzZtgw==

form-data@^4.0.0:
  version "4.0.0"
  resolved "https://registry.npmjs.org/form-data/-/form-data-4.0.0.tgz"
  integrity sha512-ETEklSGi5t0QMZuiXoA/Q6vcnxcLQP5vdugSpuAyi6SVGi2clPPp+xgEhuMaHC+zGgn31Kd235W35f7Hykkaww==
  dependencies:
    asynckit "^0.4.0"
    combined-stream "^1.0.8"
    mime-types "^2.1.12"

linkify-it@^5.0.0:
  version "5.0.0"
  resolved "https://registry.npmjs.org/linkify-it/-/linkify-it-5.0.0.tgz"
  integrity sha512-5aHCbzQRADcdP+ATqnDuhhJ/MRIqDkZX5pyjFHRRysS8vZ5AbqGEoFIb6pYHPZ+L/OC2Lc+xT8uHVVR5CAK/wQ==
  dependencies:
    uc.micro "^2.0.0"

lodash-es@*, lodash-es@^4.17.21:
  version "4.17.21"
  resolved "https://registry.npmjs.org/lodash-es/-/lodash-es-4.17.21.tgz"
  integrity sha512-mKnC+QJ9pWVzv+C4/U3rRsHapFfHvQFoFB92e52xeyGMcX6/OlIl78je1u8vePzYZSkkogMPJ2yjxxsb89cxyw==

lodash-unified@^1.0.2:
  version "1.0.3"
  resolved "https://registry.npmjs.org/lodash-unified/-/lodash-unified-1.0.3.tgz"
  integrity sha512-WK9qSozxXOD7ZJQlpSqOT+om2ZfcT4yO+03FuzAHD0wF6S0l0090LRPDx3vhTTLZ8cFKpBn+IOcVXK6qOcIlfQ==

lodash@*, lodash@^4.17.21:
  version "4.17.21"
  resolved "https://registry.npmjs.org/lodash/-/lodash-4.17.21.tgz"
  integrity sha512-v2kDEe57lecTulaDIuNTPy3Ry4gLGJ6Z1O3vE1krgXZNrsQ+LFTGHVxVjcXPs17LhbZVGedAJv8XZ1tvj5FvSg==

lru-cache@^10.2.0:
  version "10.2.0"
  resolved "https://registry.npmjs.org/lru-cache/-/lru-cache-10.2.0.tgz"
  integrity sha512-2bIM8x+VAf6JT4bKAljS1qUWgMsqZRPGJS6FSahIMPVvctcNhyVp7AJu7quxOW9jwkryBReKZY5tY5JYv2n/7Q==

magic-string@^0.30.0:
  version "0.30.3"
  resolved "https://registry.npmmirror.com/magic-string/-/magic-string-0.30.3.tgz"
  integrity sha512-B7xGbll2fG/VjP+SWg4sX3JynwIU0mjoTc6MPpKNuIvftk6u6vqhDnk1R80b8C2GBR6ywqy+1DcKBrevBg+bmw==
  dependencies:
    "@jridgewell/sourcemap-codec" "^1.4.15"

markdown-it-image-figures@^2.1.1:
  version "2.1.1"
  resolved "https://registry.npmjs.org/markdown-it-image-figures/-/markdown-it-image-figures-2.1.1.tgz"
  integrity sha512-mwXSQ2nPeVUzCMIE3HlLvjRioopiqyJLNph0pyx38yf9mpqFDhNGnMpAXF9/A2Xv0oiF2cVyg9xwfF0HNAz05g==

markdown-it-task-lists@^2.1.1:
  version "2.1.1"
  resolved "https://registry.npmjs.org/markdown-it-task-lists/-/markdown-it-task-lists-2.1.1.tgz"
  integrity sha512-TxFAc76Jnhb2OUu+n3yz9RMu4CwGfaT788br6HhEDlvWfdeJcLUsxk1Hgw2yJio0OXsxv7pyIPmvECY7bMbluA==

markdown-it-xss@^1.0.2:
  version "1.0.2"
  resolved "https://registry.npmjs.org/markdown-it-xss/-/markdown-it-xss-1.0.2.tgz"
  integrity sha512-D52im1+e394EckqhK0AuyqxQ/WCuo09wJWInuCh6j1O2d6LqImJOu36lA6KZqImhWJeYIQnGeryaH3wXcro5MQ==
  dependencies:
    xss "^1.0.6"

markdown-it@*, markdown-it@^14.0.0:
  version "14.0.0"
  resolved "https://registry.npmjs.org/markdown-it/-/markdown-it-14.0.0.tgz"
  integrity sha512-seFjF0FIcPt4P9U39Bq1JYblX0KZCjDLFFQPHpL5AzHpqPEKtosxmdq/LTVZnjfH7tjt9BxStm+wXcDBNuYmzw==
  dependencies:
    argparse "^2.0.1"
    entities "^4.4.0"
    linkify-it "^5.0.0"
    mdurl "^2.0.0"
    punycode.js "^2.3.1"
    uc.micro "^2.0.0"

md-editor-v3@^4.7.0:
  version "4.12.1"
  resolved "https://registry.npmjs.org/md-editor-v3/-/md-editor-v3-4.12.1.tgz"
  integrity sha512-TbGsqWTnKQkQWnm1oAGm8yH+OD5zHTa49Um6WMcS+Y+M4fLl0gWZbz7NzeyOPtrEU13NlPY6c3IZcWAwdmZdiA==
  dependencies:
    "@codemirror/lang-markdown" "^6.2.4"
    "@codemirror/language-data" "^6.4.1"
    "@types/markdown-it" "^13.0.7"
    "@vavt/util" "^1.4.1"
    codemirror "^6.0.1"
    copy-to-clipboard "^3.3.3"
    lru-cache "^10.2.0"
    markdown-it "^14.0.0"
    markdown-it-image-figures "^2.1.1"
    markdown-it-task-lists "^2.1.1"
    markdown-it-xss "^1.0.2"
    medium-zoom "^1.1.0"
    punycode "^2.3.1"

mdurl@^2.0.0:
  version "2.0.0"
  resolved "https://registry.npmjs.org/mdurl/-/mdurl-2.0.0.tgz"
  integrity sha512-Lf+9+2r+Tdp5wXDXC4PcIBjTDtq4UKjCPMQhKIuzpJNW0b96kVqSwW0bT7FhRSfmAiFYgP+SCRvdrDozfh0U5w==

medium-zoom@^1.1.0:
  version "1.1.0"
  resolved "https://registry.npmjs.org/medium-zoom/-/medium-zoom-1.1.0.tgz"
  integrity sha512-ewyDsp7k4InCUp3jRmwHBRFGyjBimKps/AJLjRSox+2q/2H4p/PNpQf+pwONWlJiOudkBXtbdmVbFjqyybfTmQ==

memoize-one@^6.0.0:
  version "6.0.0"
  resolved "https://registry.npmjs.org/memoize-one/-/memoize-one-6.0.0.tgz"
  integrity sha512-rkpe71W0N0c0Xz6QD0eJETuWAJGnJ9afsl1srmwPrI+yBCkge5EycXXbYRyvL29zZVUWQCY7InPRCv3GDXuZNw==

mime-db@1.52.0:
  version "1.52.0"
  resolved "https://registry.npmjs.org/mime-db/-/mime-db-1.52.0.tgz"
  integrity sha512-sPU4uV7dYlvtWJxwwxHD0PuihVNiE7TyAbQ5SWxDCB9mUYvOgroQOwYQQOKPJ8CIbE+1ETVlOoK1UC2nU3gYvg==

mime-types@^2.1.12:
  version "2.1.35"
  resolved "https://registry.npmjs.org/mime-types/-/mime-types-2.1.35.tgz"
  integrity sha512-ZDY+bPm5zTTF+YpCrAU9nK0UgICYPT0QtT1NZWFv4s++TNkcgVaT0g6+4R2uI4MjQjzysHB1zxuWL50hzaeXiw==
  dependencies:
    mime-db "1.52.0"

mitt@^3.0.1:
  version "3.0.1"
  resolved "https://registry.npmjs.org/mitt/-/mitt-3.0.1.tgz"
  integrity sha512-vKivATfr97l2/QBCYAkXYDbrIWPM2IIKEl7YPhjCvKlG3kE2gm+uBo6nEXK3M5/Ffh/FLpKExzOQ3JJoJGFKBw==

nanoid@^3.3.6:
  version "3.3.6"
  resolved "https://registry.npmmirror.com/nanoid/-/nanoid-3.3.6.tgz"
  integrity sha512-BGcqMMJuToF7i1rt+2PWSNVnWIkGCU78jBG3RxO/bZlnZPK2Cmi2QaffxGO/2RvWi9sL+FAiRiXMgsyxQ1DIDA==

normalize-wheel-es@^1.2.0:
  version "1.2.0"
  resolved "https://registry.npmjs.org/normalize-wheel-es/-/normalize-wheel-es-1.2.0.tgz"
  integrity sha512-Wj7+EJQ8mSuXr2iWfnujrimU35R2W4FAErEyTmJoJ7ucwTn2hOUSsRehMb5RSYkxXGTM7Y9QpvPmp++w5ftoJw==

picocolors@^1.0.0:
  version "1.0.0"
  resolved "https://registry.npmmirror.com/picocolors/-/picocolors-1.0.0.tgz"
  integrity sha512-1fygroTLlHu66zi26VoTDv8yRgm0Fccecssto+MhsZ0D/DGW2sm8E8AjW7NU5VVTRt5GxbeZ5qBuJr+HyLYkjQ==

postcss@^8.1.10, postcss@^8.4.27:
  version "8.4.30"
  resolved "https://registry.npmmirror.com/postcss/-/postcss-8.4.30.tgz"
  integrity sha512-7ZEao1g4kd68l97aWG/etQKPKq07us0ieSZ2TnFDk11i0ZfDW2AwKHYU8qv4MZKqN2fdBfg+7q0ES06UA73C1g==
  dependencies:
    nanoid "^3.3.6"
    picocolors "^1.0.0"
    source-map-js "^1.0.2"

proxy-from-env@^1.1.0:
  version "1.1.0"
  resolved "https://registry.npmjs.org/proxy-from-env/-/proxy-from-env-1.1.0.tgz"
  integrity sha512-D+zkORCbA9f1tdWRK0RaCR3GPv50cMxcrz4X8k5LTSUD1Dkw47mKJEZQNunItRTkWwgtaUSo1RVFRIG9ZXiFYg==

punycode.js@^2.3.1:
  version "2.3.1"
  resolved "https://registry.npmjs.org/punycode.js/-/punycode.js-2.3.1.tgz"
  integrity sha512-uxFIHU0YlHYhDQtV4R9J6a52SLx28BCjT+4ieh7IGbgwVJWO+km431c4yRlREUAsAmt/uMjQUyQHNEPf0M39CA==

punycode@^2.3.1:
  version "2.3.1"
  resolved "https://registry.npmjs.org/punycode/-/punycode-2.3.1.tgz"
  integrity sha512-vYt7UD1U9Wg6138shLtLOvdAu+8DsC/ilFtEVHcH+wydcSpNE20AfSOduf6MkRFahL5FY7X1oU7nKVZFtfq8Fg==

rollup@^3.27.1:
  version "3.29.3"
  resolved "https://registry.npmmirror.com/rollup/-/rollup-3.29.3.tgz"
  integrity sha512-T7du6Hum8jOkSWetjRgbwpM6Sy0nECYrYRSmZjayFcOddtKJWU4d17AC3HNUk7HRuqy4p+G7aEZclSHytqUmEg==
  optionalDependencies:
    fsevents "~2.3.2"

source-map-js@^1.0.2:
  version "1.0.2"
  resolved "https://registry.npmmirror.com/source-map-js/-/source-map-js-1.0.2.tgz"
  integrity sha512-R0XvVJ9WusLiqTCEiGCmICCMplcCkIwwR11mOSD9CR5u+IXYdiseeEuXCVAjS54zqwkLcPNnmU4OeJ6tUrWhDw==

style-mod@^4.0.0, style-mod@^4.1.0:
  version "4.1.2"
  resolved "https://registry.npmjs.org/style-mod/-/style-mod-4.1.2.tgz"
  integrity sha512-wnD1HyVqpJUI2+eKZ+eo1UwghftP6yuFheBqqe+bWCotBjC2K1YnteJILRMs3SM4V/0dLEW1SC27MWP5y+mwmw==

swiper@^10.3.0, "swiper@^7.0.0  || ^8.0.0":
  version "10.3.0"
  resolved "https://registry.npmjs.org/swiper/-/swiper-10.3.0.tgz"
  integrity sha512-o81KZH4phL/dJxKFWpZ/zf78QxOyFMood+c86vJJO0ZeSOoniyzV8HWDsw12KOlQdm4WRxrc/6kfGImAcxcS3w==

toggle-selection@^1.0.6:
  version "1.0.6"
  resolved "https://registry.npmjs.org/toggle-selection/-/toggle-selection-1.0.6.tgz"
  integrity sha512-BiZS+C1OS8g/q2RRbJmy59xpyghNBqrr6k5L/uKBGRsTfxmu3ffiRnd8mlGPUVayg8pvfi5urfnu8TU7DVOkLQ==

uc.micro@^2.0.0:
  version "2.1.0"
  resolved "https://registry.npmjs.org/uc.micro/-/uc.micro-2.1.0.tgz"
  integrity sha512-ARDJmphmdvUk6Glw7y9DQ2bFkKBHwQHLi2lsaH6PPmz/Ka9sFOBsBluozhDltWmnv9u/cF6Rt87znRTPV+yp/A==

v-click-outside@^3.2.0:
  version "3.2.0"
  resolved "https://registry.npmjs.org/v-click-outside/-/v-click-outside-3.2.0.tgz"
  integrity sha512-QD0bDy38SHJXQBjgnllmkI/rbdiwmq9RC+/+pvrFjYJKTn8dtp7Penf9q1lLBta280fYG2q53mgLhQ+3l3z74w==

vite@^4.0.0, vite@^4.4.9:
  version "4.4.9"
  resolved "https://registry.npmmirror.com/vite/-/vite-4.4.9.tgz"
  integrity sha512-2mbUn2LlUmNASWwSCNSJ/EG2HuSRTnVNaydp6vMCm5VIqJsjMfbIWtbH2kDuwUVW5mMUKKZvGPX/rqeqVvv1XA==
  dependencies:
    esbuild "^0.18.10"
    postcss "^8.4.27"
    rollup "^3.27.1"
  optionalDependencies:
    fsevents "~2.3.2"

vue-awesome-swiper@^5.0.1:
  version "5.0.1"
  resolved "https://registry.npmjs.org/vue-awesome-swiper/-/vue-awesome-swiper-5.0.1.tgz"
  integrity sha512-mWjFJzUqA4lG+DmsmibvMpoiBnl+IH2SSeiiQ3i5M0t1y9FknTxnGT0DsMb2YdJLgjYMEK3sYOWzqgLnZMH8Lg==

vue-demi@*:
  version "0.14.7"
  resolved "https://registry.npmjs.org/vue-demi/-/vue-demi-0.14.7.tgz"
  integrity sha512-EOG8KXDQNwkJILkx/gPcoL/7vH+hORoBaKgGe+6W7VFMvCYJfmF2dGbvgDroVnI8LU7/kTu8mbjRZGBU1z9NTA==

vue-router@^4.2.4:
  version "4.2.5"
  resolved "https://registry.npmmirror.com/vue-router/-/vue-router-4.2.5.tgz"
  integrity sha512-DIUpKcyg4+PTQKfFPX88UWhlagBEBEfJ5A8XDXRJLUnZOvcpMF8o/dnL90vpVkGaPbjvXazV/rC1qBKrZlFugw==
  dependencies:
    "@vue/devtools-api" "^6.5.0"

"vue@^3.0.0-0 || ^2.6.0", vue@^3.2.0, vue@^3.2.25, vue@^3.2.47, vue@^3.3.4, vue@3.3.4, vue@3.x:
  version "3.3.4"
  resolved "https://registry.npmmirror.com/vue/-/vue-3.3.4.tgz"
  integrity sha512-VTyEYn3yvIeY1Py0WaYGZsXnz3y5UnGi62GjVEqvEGPl6nxbOrCXbVOTQWBEJUqAyTUk2uJ5JLVnYJ6ZzGbrSw==
  dependencies:
    "@vue/compiler-dom" "3.3.4"
    "@vue/compiler-sfc" "3.3.4"
    "@vue/runtime-dom" "3.3.4"
    "@vue/server-renderer" "3.3.4"
    "@vue/shared" "3.3.4"

vuex@^4.1.0:
  version "4.1.0"
  resolved "https://registry.npmjs.org/vuex/-/vuex-4.1.0.tgz"
  integrity sha512-hmV6UerDrPcgbSy9ORAtNXDr9M4wlNP4pEFKye4ujJF8oqgFFuxDCdOLS3eNoRTtq5O3hoBDh9Doj1bQMYHRbQ==
  dependencies:
    "@vue/devtools-api" "^6.0.0-beta.11"

w3c-keyname@^2.2.4:
  version "2.2.8"
  resolved "https://registry.npmjs.org/w3c-keyname/-/w3c-keyname-2.2.8.tgz"
  integrity sha512-dpojBhNsCNN7T82Tm7k26A6G9ML3NkhDsnw9n/eoxSRlVBB4CEtIQ/KTCLI2Fwf3ataSXRhYFkQi3SlnFwPvPQ==

xss@^1.0.6:
  version "1.0.15"
  resolved "https://registry.npmjs.org/xss/-/xss-1.0.15.tgz"
  integrity sha512-FVdlVVC67WOIPvfOwhoMETV72f6GbW7aOabBC3WxN/oUdoEMDyLz4OgRv5/gck2ZeNqEQu+Tb0kloovXOfpYVg==
  dependencies:
    commander "^2.20.3"
    cssfilter "0.0.10"
